
Microsoft Visual Studio Solution File, Format Version 12.00
# Visual Studio Version 16
VisualStudioVersion = 16.0.30517.126
MinimumVisualStudioVersion = 10.0.40219.1
Project("{FAE04EC0-301F-11D3-BF4B-00C04F79EFBC}") = "ShoppingList-VS", "ShoppingList-VS\ShoppingList-VS.csproj", "{D5CB6AD6-1932-4086-A305-D03EB9704ECF}"
EndProject
Global
	GlobalSection(SolutionConfigurationPlatforms) = preSolution
		Debug|Any CPU = Debug|Any CPU
		Release|Any CPU = Release|Any CPU
	EndGlobalSection
	GlobalSection(ProjectConfigurationPlatforms) = postSolution
		{D5CB6AD6-1932-4086-A305-D03EB9704ECF}.Debug|Any CPU.ActiveCfg = Debug|Any CPU
		{D5CB6AD6-1932-4086-A305-D03EB9704ECF}.Debug|Any CPU.Build.0 = Debug|Any CPU
		{D5CB6AD6-1932-4086-A305-D03EB9704ECF}.Release|Any CPU.ActiveCfg = Release|Any CPU
		{D5CB6AD6-1932-4086-A305-D03EB9704ECF}.Release|Any CPU.Build.0 = Release|Any CPU
	EndGlobalSection
	GlobalSection(SolutionProperties) = preSolution
		HideSolutionNode = FALSE
	EndGlobalSection
	GlobalSection(ExtensibilityGlobals) = postSolution
		SolutionGuid = {28B10C85-CCBD-4395-A363-15A7898ACF77}
	EndGlobalSection
EndGlobal
